Microsoft Visual Studio Solution File, Format Version 12.00
# Visual Studio Version 16
VisualStudioVersion = 16.0.29424.173
MinimumVisualStudioVersion = 10.0.40219.1
Project("{9A19103F-16F7-4668-BE54-9A1E7A4F7556}") = "Numerical-Methods.Libs", "Numerical-Methods.Libs\Numerical-Methods.Libs.csproj", "{4FE01A13-62BA-433F-8361-13EACBB73718}"
EndProject
Project("{2150E333-8FDC-42A3-9474-1A3956D46DE8}") = "Libraries", "Libraries", "{4AD6FB53-227C-4ECB-B742-B7EEA885B7D4}"
EndProject
Project("{2150E333-8FDC-42A3-9474-1A3956D46DE8}") = "Tests", "Tests", "{DCCF12C9-8BBC-4384-B498-1B3B7DCE7CD8}"
EndProject
Project("{9A19103F-16F7-4668-BE54-9A1E7A4F7556}") = "Numerical-Methods.Libs.Tests", "Numerical-Methods.Libs.Tests\Numerical-Methods.Libs.Tests.csproj", "{7DCF747A-75AC-4643-ABB9-E4D1C7CA8D10}"
EndProject
Project("{9A19103F-16F7-4668-BE54-9A1E7A4F7556}") = "Numerical-Methods.Algorithms", "Numerical-Methods.Algorithms\Numerical-Methods.Algorithms.csproj", "{C7548E90-3FD9-47AF-A986-3AB04289ED88}"
EndProject
Project("{9A19103F-16F7-4668-BE54-9A1E7A4F7556}") = "Numerical-Methods.Algorithms.Tests", "Numerical-Methods.Algorithms.Tests\Numerical-Methods.Algorithms.Tests.csproj", "{4D0FB825-2A10-4BE2-B3E7-73D23851FC9E}"
EndProject
Project("{FAE04EC0-301F-11D3-BF4B-00C04F79EFBC}") = "Numerical-Methods.Algorithms.Performance", "Numerical-Methods.Algorithms.Performance\Numerical-Methods.Algorithms.Performance.csproj", "{FCAF2BD0-1832-43D4-BC47-C34353F62730}"
EndProject
Global
	GlobalSection(SolutionConfigurationPlatforms) = preSolution
		Debug|Any CPU = Debug|Any CPU
		Release|Any CPU = Release|Any CPU
	EndGlobalSection
	GlobalSection(ProjectConfigurationPlatforms) = postSolution
		{4FE01A13-62BA-433F-8361-13EACBB73718}.Debug|Any CPU.ActiveCfg = Debug|Any CPU
		{4FE01A13-62BA-433F-8361-13EACBB73718}.Debug|Any CPU.Build.0 = Debug|Any CPU
		{4FE01A13-62BA-433F-8361-13EACBB73718}.Release|Any CPU.ActiveCfg = Release|Any CPU
		{4FE01A13-62BA-433F-8361-13EACBB73718}.Release|Any CPU.Build.0 = Release|Any CPU
		{7DCF747A-75AC-4643-ABB9-E4D1C7CA8D10}.Debug|Any CPU.ActiveCfg = Debug|Any CPU
		{7DCF747A-75AC-4643-ABB9-E4D1C7CA8D10}.Debug|Any CPU.Build.0 = Debug|Any CPU
		{7DCF747A-75AC-4643-ABB9-E4D1C7CA8D10}.Release|Any CPU.ActiveCfg = Release|Any CPU
		{7DCF747A-75AC-4643-ABB9-E4D1C7CA8D10}.Release|Any CPU.Build.0 = Release|Any CPU
		{C7548E90-3FD9-47AF-A986-3AB04289ED88}.Debug|Any CPU.ActiveCfg = Debug|Any CPU
		{C7548E90-3FD9-47AF-A986-3AB04289ED88}.Debug|Any CPU.Build.0 = Debug|Any CPU
		{C7548E90-3FD9-47AF-A986-3AB04289ED88}.Release|Any CPU.ActiveCfg = Release|Any CPU
		{C7548E90-3FD9-47AF-A986-3AB04289ED88}.Release|Any CPU.Build.0 = Release|Any CPU
		{4D0FB825-2A10-4BE2-B3E7-73D23851FC9E}.Debug|Any CPU.ActiveCfg = Debug|Any CPU
		{4D0FB825-2A10-4BE2-B3E7-73D23851FC9E}.Debug|Any CPU.Build.0 = Debug|Any CPU
		{4D0FB825-2A10-4BE2-B3E7-73D23851FC9E}.Release|Any CPU.ActiveCfg = Release|Any CPU
		{4D0FB825-2A10-4BE2-B3E7-73D23851FC9E}.Release|Any CPU.Build.0 = Release|Any CPU
		{FCAF2BD0-1832-43D4-BC47-C34353F62730}.Debug|Any CPU.ActiveCfg = Debug|Any CPU
		{FCAF2BD0-1832-43D4-BC47-C34353F62730}.Debug|Any CPU.Build.0 = Debug|Any CPU
		{FCAF2BD0-1832-43D4-BC47-C34353F62730}.Release|Any CPU.ActiveCfg = Release|Any CPU
		{FCAF2BD0-1832-43D4-BC47-C34353F62730}.Release|Any CPU.Build.0 = Release|Any CPU
	EndGlobalSection
	GlobalSection(SolutionProperties) = preSolution
		HideSolutionNode = FALSE
	EndGlobalSection
	GlobalSection(NestedProjects) = preSolution
		{4FE01A13-62BA-433F-8361-13EACBB73718} = {4AD6FB53-227C-4ECB-B742-B7EEA885B7D4}
		{7DCF747A-75AC-4643-ABB9-E4D1C7CA8D10} = {DCCF12C9-8BBC-4384-B498-1B3B7DCE7CD8}
		{C7548E90-3FD9-47AF-A986-3AB04289ED88} = {4AD6FB53-227C-4ECB-B742-B7EEA885B7D4}
		{4D0FB825-2A10-4BE2-B3E7-73D23851FC9E} = {DCCF12C9-8BBC-4384-B498-1B3B7DCE7CD8}
		{FCAF2BD0-1832-43D4-BC47-C34353F62730} = {DCCF12C9-8BBC-4384-B498-1B3B7DCE7CD8}
	EndGlobalSection
	GlobalSection(ExtensibilityGlobals) = postSolution
		SolutionGuid = {F9623267-CA79-407E-BD29-DA062D3EB19A}
	EndGlobalSection
EndGlobal
